
Microsoft Visual Studio Solution File, Format Version 12.00
# Visual Studio Version 17
VisualStudioVersion = 17.8.34309.116
MinimumVisualStudioVersion = 10.0.40219.1
Project("{FAE04EC0-301F-11D3-BF4B-00C04F79EFBC}") = "NaturalLanguageBot", "NaturalLanguageBot\NaturalLanguageBot.csproj", "{DBEA343D-70BA-46CB-851B-0EEEB9B934EB}"
EndProject
Global
	GlobalSection(SolutionConfigurationPlatforms) = preSolution
		Debug|Any CPU = Debug|Any CPU
		Release|Any CPU = Release|Any CPU
	EndGlobalSection
	GlobalSection(ProjectConfigurationPlatforms) = postSolution
		{DBEA343D-70BA-46CB-851B-0EEEB9B934EB}.Debug|Any CPU.ActiveCfg = Debug|Any CPU
		{DBEA343D-70BA-46CB-851B-0EEEB9B934EB}.Debug|Any CPU.Build.0 = Debug|Any CPU
		{DBEA343D-70BA-46CB-851B-0EEEB9B934EB}.Release|Any CPU.ActiveCfg = Release|Any CPU
		{DBEA343D-70BA-46CB-851B-0EEEB9B934EB}.Release|Any CPU.Build.0 = Release|Any CPU
	EndGlobalSection
	GlobalSection(SolutionProperties) = preSolution
		HideSolutionNode = FALSE
	EndGlobalSection
	GlobalSection(ExtensibilityGlobals) = postSolution
		SolutionGuid = {82449DB3-9ED4-45B8-A165-EAE446CEEC4D}
	EndGlobalSection
EndGlobal
